
Microsoft Visual Studio Solution File, Format Version 12.00
# Visual Studio Version 17
VisualStudioVersion = 17.2.32602.215
MinimumVisualStudioVersion = 10.0.40219.1
Project("{9A19103F-16F7-4668-BE54-9A1E7A4F7556}") = "AIOIDailyFeed", "AIOIDailyFeed\AIOIDailyFeed.csproj", "{80D52107-A970-4B52-8A4E-8FBF6EC1FA4A}"
EndProject
Project("{2150E333-8FDC-42A3-9474-1A3956D46DE8}") = "Solution Items", "Solution Items", "{A0714FAA-0FC1-4AAA-99FC-CB7E03A8F0CD}"
	ProjectSection(SolutionItems) = preProject
		.editorconfig = .editorconfig
	EndProjectSection
EndProject
Global
	GlobalSection(SolutionConfigurationPlatforms) = preSolution
		Debug|Any CPU = Debug|Any CPU
		Release|Any CPU = Release|Any CPU
	EndGlobalSection
	GlobalSection(ProjectConfigurationPlatforms) = postSolution
		{80D52107-A970-4B52-8A4E-8FBF6EC1FA4A}.Debug|Any CPU.ActiveCfg = Debug|Any CPU
		{80D52107-A970-4B52-8A4E-8FBF6EC1FA4A}.Debug|Any CPU.Build.0 = Debug|Any CPU
		{80D52107-A970-4B52-8A4E-8FBF6EC1FA4A}.Release|Any CPU.ActiveCfg = Release|Any CPU
		{80D52107-A970-4B52-8A4E-8FBF6EC1FA4A}.Release|Any CPU.Build.0 = Release|Any CPU
	EndGlobalSection
	GlobalSection(SolutionProperties) = preSolution
		HideSolutionNode = FALSE
	EndGlobalSection
	GlobalSection(ExtensibilityGlobals) = postSolution
		SolutionGuid = {FCCB81B2-BB0F-494A-B0A8-26F35C937A72}
	EndGlobalSection
EndGlobal
